
Microsoft Visual Studio Solution File, Format Version 12.00
# Visual Studio Version 17
VisualStudioVersion = 17.2.32516.85
MinimumVisualStudioVersion = 10.0.40219.1
Project("{FAE04EC0-301F-11D3-BF4B-00C04F79EFBC}") = "GameEngine", "GameEngine\GameEngine.csproj", "{BA2DCE1F-88EE-4EB0-87A6-3B48EA52D246}"
EndProject
Global
	GlobalSection(SolutionConfigurationPlatforms) = preSolution
		Debug|Any CPU = Debug|Any CPU
		Release|Any CPU = Release|Any CPU
	EndGlobalSection
	GlobalSection(ProjectConfigurationPlatforms) = postSolution
		{BA2DCE1F-88EE-4EB0-87A6-3B48EA52D246}.Debug|Any CPU.ActiveCfg = Debug|Any CPU
		{BA2DCE1F-88EE-4EB0-87A6-3B48EA52D246}.Debug|Any CPU.Build.0 = Debug|Any CPU
		{BA2DCE1F-88EE-4EB0-87A6-3B48EA52D246}.Release|Any CPU.ActiveCfg = Release|Any CPU
		{BA2DCE1F-88EE-4EB0-87A6-3B48EA52D246}.Release|Any CPU.Build.0 = Release|Any CPU
	EndGlobalSection
	GlobalSection(SolutionProperties) = preSolution
		HideSolutionNode = FALSE
	EndGlobalSection
	GlobalSection(ExtensibilityGlobals) = postSolution
		SolutionGuid = {6A2EC706-9DC6-4DE0-AA34-A3EDC9A9ED17}
	EndGlobalSection
EndGlobal
